
Microsoft Visual Studio Solution File, Format Version 12.00
# Visual Studio Version 16
VisualStudioVersion = 16.0.31321.278
MinimumVisualStudioVersion = 10.0.40219.1
Project("{FAE04EC0-301F-11D3-BF4B-00C04F79EFBC}") = "SeleniumCsharpNetCore", "SeleniumCsharpNetCore\SeleniumCsharpNetCore.csproj", "{65F7656D-AD26-47CD-A97E-1F992D1E24AD}"
EndProject
Global
	GlobalSection(SolutionConfigurationPlatforms) = preSolution
		Debug|Any CPU = Debug|Any CPU
		Release|Any CPU = Release|Any CPU
	EndGlobalSection
	GlobalSection(ProjectConfigurationPlatforms) = postSolution
		{65F7656D-AD26-47CD-A97E-1F992D1E24AD}.Debug|Any CPU.ActiveCfg = Debug|Any CPU
		{65F7656D-AD26-47CD-A97E-1F992D1E24AD}.Debug|Any CPU.Build.0 = Debug|Any CPU
		{65F7656D-AD26-47CD-A97E-1F992D1E24AD}.Release|Any CPU.ActiveCfg = Release|Any CPU
		{65F7656D-AD26-47CD-A97E-1F992D1E24AD}.Release|Any CPU.Build.0 = Release|Any CPU
	EndGlobalSection
	GlobalSection(SolutionProperties) = preSolution
		HideSolutionNode = FALSE
	EndGlobalSection
	GlobalSection(ExtensibilityGlobals) = postSolution
		SolutionGuid = {F8EC701D-356E-4053-A9DC-CEB2E7C9EA30}
	EndGlobalSection
EndGlobal
